
Microsoft Visual Studio Solution File, Format Version 12.00
# Visual Studio Version 16
VisualStudioVersion = 16.0.31112.23
MinimumVisualStudioVersion = 10.0.40219.1
Project("{FAE04EC0-301F-11D3-BF4B-00C04F79EFBC}") = "CommandPattern", "CommandPattern\CommandPattern.csproj", "{8F0D128F-9A8B-4FEC-A3F9-61B56AC9B7AF}"
EndProject
Global
	GlobalSection(SolutionConfigurationPlatforms) = preSolution
		Debug|Any CPU = Debug|Any CPU
		Release|Any CPU = Release|Any CPU
	EndGlobalSection
	GlobalSection(ProjectConfigurationPlatforms) = postSolution
		{8F0D128F-9A8B-4FEC-A3F9-61B56AC9B7AF}.Debug|Any CPU.ActiveCfg = Debug|Any CPU
		{8F0D128F-9A8B-4FEC-A3F9-61B56AC9B7AF}.Debug|Any CPU.Build.0 = Debug|Any CPU
		{8F0D128F-9A8B-4FEC-A3F9-61B56AC9B7AF}.Release|Any CPU.ActiveCfg = Release|Any CPU
		{8F0D128F-9A8B-4FEC-A3F9-61B56AC9B7AF}.Release|Any CPU.Build.0 = Release|Any CPU
	EndGlobalSection
	GlobalSection(SolutionProperties) = preSolution
		HideSolutionNode = FALSE
	EndGlobalSection
	GlobalSection(ExtensibilityGlobals) = postSolution
		SolutionGuid = {474DEC53-5A64-4006-AC01-E41F370AB019}
	EndGlobalSection
EndGlobal
