
Microsoft Visual Studio Solution File, Format Version 12.00
# Visual Studio Version 16
VisualStudioVersion = 16.0.31112.23
MinimumVisualStudioVersion = 10.0.40219.1
Project("{9A19103F-16F7-4668-BE54-9A1E7A4F7556}") = "StartUp", "StartUp\StartUp.csproj", "{3214C25E-0251-4B1F-84D2-4D7BFCAC1CEA}"
EndProject
Project("{9A19103F-16F7-4668-BE54-9A1E7A4F7556}") = "DateModifier", "DateModifier\DateModifier.csproj", "{8AFB9940-9809-4BB3-88E4-C47327BF9D67}"
EndProject
Project("{9A19103F-16F7-4668-BE54-9A1E7A4F7556}") = "SpeedRacing", "SpeedRacing\SpeedRacing.csproj", "{14E68CF0-E43D-4672-B4EA-8DF10AFD334C}"
EndProject
Project("{9A19103F-16F7-4668-BE54-9A1E7A4F7556}") = "RawData", "RawData\RawData.csproj", "{95C2B2E3-2865-4BBC-836C-C9B3F5E4AF76}"
EndProject
Project("{FAE04EC0-301F-11D3-BF4B-00C04F79EFBC}") = "CarSalesman", "CarSalesman\CarSalesman.csproj", "{6B39377E-5D72-4641-8E6F-0A7208FEAA95}"
EndProject
Project("{FAE04EC0-301F-11D3-BF4B-00C04F79EFBC}") = "PokemonTrainer", "PokemonTrainer\PokemonTrainer.csproj", "{3E74609F-824E-4570-AAD2-AF42E1022ECF}"
EndProject
Global
	GlobalSection(SolutionConfigurationPlatforms) = preSolution
		Debug|Any CPU = Debug|Any CPU
		Release|Any CPU = Release|Any CPU
	EndGlobalSection
	GlobalSection(ProjectConfigurationPlatforms) = postSolution
		{3214C25E-0251-4B1F-84D2-4D7BFCAC1CEA}.Debug|Any CPU.ActiveCfg = Debug|Any CPU
		{3214C25E-0251-4B1F-84D2-4D7BFCAC1CEA}.Debug|Any CPU.Build.0 = Debug|Any CPU
		{3214C25E-0251-4B1F-84D2-4D7BFCAC1CEA}.Release|Any CPU.ActiveCfg = Release|Any CPU
		{3214C25E-0251-4B1F-84D2-4D7BFCAC1CEA}.Release|Any CPU.Build.0 = Release|Any CPU
		{8AFB9940-9809-4BB3-88E4-C47327BF9D67}.Debug|Any CPU.ActiveCfg = Debug|Any CPU
		{8AFB9940-9809-4BB3-88E4-C47327BF9D67}.Debug|Any CPU.Build.0 = Debug|Any CPU
		{8AFB9940-9809-4BB3-88E4-C47327BF9D67}.Release|Any CPU.ActiveCfg = Release|Any CPU
		{8AFB9940-9809-4BB3-88E4-C47327BF9D67}.Release|Any CPU.Build.0 = Release|Any CPU
		{14E68CF0-E43D-4672-B4EA-8DF10AFD334C}.Debug|Any CPU.ActiveCfg = Debug|Any CPU
		{14E68CF0-E43D-4672-B4EA-8DF10AFD334C}.Debug|Any CPU.Build.0 = Debug|Any CPU
		{14E68CF0-E43D-4672-B4EA-8DF10AFD334C}.Release|Any CPU.ActiveCfg = Release|Any CPU
		{14E68CF0-E43D-4672-B4EA-8DF10AFD334C}.Release|Any CPU.Build.0 = Release|Any CPU
		{95C2B2E3-2865-4BBC-836C-C9B3F5E4AF76}.Debug|Any CPU.ActiveCfg = Debug|Any CPU
		{95C2B2E3-2865-4BBC-836C-C9B3F5E4AF76}.Debug|Any CPU.Build.0 = Debug|Any CPU
		{95C2B2E3-2865-4BBC-836C-C9B3F5E4AF76}.Release|Any CPU.ActiveCfg = Release|Any CPU
		{95C2B2E3-2865-4BBC-836C-C9B3F5E4AF76}.Release|Any CPU.Build.0 = Release|Any CPU
		{6B39377E-5D72-4641-8E6F-0A7208FEAA95}.Debug|Any CPU.ActiveCfg = Debug|Any CPU
		{6B39377E-5D72-4641-8E6F-0A7208FEAA95}.Debug|Any CPU.Build.0 = Debug|Any CPU
		{6B39377E-5D72-4641-8E6F-0A7208FEAA95}.Release|Any CPU.ActiveCfg = Release|Any CPU
		{6B39377E-5D72-4641-8E6F-0A7208FEAA95}.Release|Any CPU.Build.0 = Release|Any CPU
		{3E74609F-824E-4570-AAD2-AF42E1022ECF}.Debug|Any CPU.ActiveCfg = Debug|Any CPU
		{3E74609F-824E-4570-AAD2-AF42E1022ECF}.Debug|Any CPU.Build.0 = Debug|Any CPU
		{3E74609F-824E-4570-AAD2-AF42E1022ECF}.Release|Any CPU.ActiveCfg = Release|Any CPU
		{3E74609F-824E-4570-AAD2-AF42E1022ECF}.Release|Any CPU.Build.0 = Release|Any CPU
	EndGlobalSection
	GlobalSection(SolutionProperties) = preSolution
		HideSolutionNode = FALSE
	EndGlobalSection
	GlobalSection(ExtensibilityGlobals) = postSolution
		SolutionGuid = {A0E170D7-9282-4BE8-8F48-66527155BC09}
	EndGlobalSection
EndGlobal
