
Microsoft Visual Studio Solution File, Format Version 12.00
# Visual Studio Version 17
VisualStudioVersion = 17.0.31912.275
MinimumVisualStudioVersion = 10.0.40219.1
Project("{FAE04EC0-301F-11D3-BF4B-00C04F79EFBC}") = "Exercise - AsynchronousProgramming", "Exercise - AsynchronousProgramming\Exercise - AsynchronousProgramming.csproj", "{D6AB08D5-5296-4F24-BCA9-1CD1BD931805}"
EndProject
Global
	GlobalSection(SolutionConfigurationPlatforms) = preSolution
		Debug|Any CPU = Debug|Any CPU
		Release|Any CPU = Release|Any CPU
	EndGlobalSection
	GlobalSection(ProjectConfigurationPlatforms) = postSolution
		{D6AB08D5-5296-4F24-BCA9-1CD1BD931805}.Debug|Any CPU.ActiveCfg = Debug|Any CPU
		{D6AB08D5-5296-4F24-BCA9-1CD1BD931805}.Debug|Any CPU.Build.0 = Debug|Any CPU
		{D6AB08D5-5296-4F24-BCA9-1CD1BD931805}.Release|Any CPU.ActiveCfg = Release|Any CPU
		{D6AB08D5-5296-4F24-BCA9-1CD1BD931805}.Release|Any CPU.Build.0 = Release|Any CPU
	EndGlobalSection
	GlobalSection(SolutionProperties) = preSolution
		HideSolutionNode = FALSE
	EndGlobalSection
	GlobalSection(ExtensibilityGlobals) = postSolution
		SolutionGuid = {1C8E569B-4376-4EF9-B9A7-F996898D2BC8}
	EndGlobalSection
EndGlobal
