
Microsoft Visual Studio Solution File, Format Version 12.00
# Visual Studio Version 16
VisualStudioVersion = 16.0.31112.23
MinimumVisualStudioVersion = 10.0.40219.1
Project("{FAE04EC0-301F-11D3-BF4B-00C04F79EFBC}") = "Lab-Inheritance", "Lab-Inheritance\Lab-Inheritance.csproj", "{FB4B6060-F67B-4E4F-BD64-851EF5641321}"
EndProject
Project("{FAE04EC0-301F-11D3-BF4B-00C04F79EFBC}") = "MultipleInheritance", "MultipleInheritance\MultipleInheritance.csproj", "{AAC03D24-BB4E-42EB-82B0-C6CD6A288235}"
EndProject
Project("{FAE04EC0-301F-11D3-BF4B-00C04F79EFBC}") = "HierarchialInheritance", "HierarchialInheritance\HierarchialInheritance.csproj", "{CF4B17E2-74AB-4769-A08B-EA8DE3D3336A}"
EndProject
Project("{FAE04EC0-301F-11D3-BF4B-00C04F79EFBC}") = "RandomList", "RandomList\RandomList.csproj", "{2F714108-7C7F-49BC-A947-F8203B27F6D1}"
EndProject
Project("{FAE04EC0-301F-11D3-BF4B-00C04F79EFBC}") = "StackOfStrings", "StackOfStrings\StackOfStrings.csproj", "{DE3B718D-39B4-4505-BE89-181389DF3E43}"
EndProject
Global
	GlobalSection(SolutionConfigurationPlatforms) = preSolution
		Debug|Any CPU = Debug|Any CPU
		Release|Any CPU = Release|Any CPU
	EndGlobalSection
	GlobalSection(ProjectConfigurationPlatforms) = postSolution
		{FB4B6060-F67B-4E4F-BD64-851EF5641321}.Debug|Any CPU.ActiveCfg = Debug|Any CPU
		{FB4B6060-F67B-4E4F-BD64-851EF5641321}.Debug|Any CPU.Build.0 = Debug|Any CPU
		{FB4B6060-F67B-4E4F-BD64-851EF5641321}.Release|Any CPU.ActiveCfg = Release|Any CPU
		{FB4B6060-F67B-4E4F-BD64-851EF5641321}.Release|Any CPU.Build.0 = Release|Any CPU
		{AAC03D24-BB4E-42EB-82B0-C6CD6A288235}.Debug|Any CPU.ActiveCfg = Debug|Any CPU
		{AAC03D24-BB4E-42EB-82B0-C6CD6A288235}.Debug|Any CPU.Build.0 = Debug|Any CPU
		{AAC03D24-BB4E-42EB-82B0-C6CD6A288235}.Release|Any CPU.ActiveCfg = Release|Any CPU
		{AAC03D24-BB4E-42EB-82B0-C6CD6A288235}.Release|Any CPU.Build.0 = Release|Any CPU
		{CF4B17E2-74AB-4769-A08B-EA8DE3D3336A}.Debug|Any CPU.ActiveCfg = Debug|Any CPU
		{CF4B17E2-74AB-4769-A08B-EA8DE3D3336A}.Debug|Any CPU.Build.0 = Debug|Any CPU
		{CF4B17E2-74AB-4769-A08B-EA8DE3D3336A}.Release|Any CPU.ActiveCfg = Release|Any CPU
		{CF4B17E2-74AB-4769-A08B-EA8DE3D3336A}.Release|Any CPU.Build.0 = Release|Any CPU
		{2F714108-7C7F-49BC-A947-F8203B27F6D1}.Debug|Any CPU.ActiveCfg = Debug|Any CPU
		{2F714108-7C7F-49BC-A947-F8203B27F6D1}.Debug|Any CPU.Build.0 = Debug|Any CPU
		{2F714108-7C7F-49BC-A947-F8203B27F6D1}.Release|Any CPU.ActiveCfg = Release|Any CPU
		{2F714108-7C7F-49BC-A947-F8203B27F6D1}.Release|Any CPU.Build.0 = Release|Any CPU
		{DE3B718D-39B4-4505-BE89-181389DF3E43}.Debug|Any CPU.ActiveCfg = Debug|Any CPU
		{DE3B718D-39B4-4505-BE89-181389DF3E43}.Debug|Any CPU.Build.0 = Debug|Any CPU
		{DE3B718D-39B4-4505-BE89-181389DF3E43}.Release|Any CPU.ActiveCfg = Release|Any CPU
		{DE3B718D-39B4-4505-BE89-181389DF3E43}.Release|Any CPU.Build.0 = Release|Any CPU
	EndGlobalSection
	GlobalSection(SolutionProperties) = preSolution
		HideSolutionNode = FALSE
	EndGlobalSection
	GlobalSection(ExtensibilityGlobals) = postSolution
		SolutionGuid = {0F6B3DFF-DCD9-42FF-8981-3BC54DBF4DE0}
	EndGlobalSection
EndGlobal
