
Microsoft Visual Studio Solution File, Format Version 12.00
# Visual Studio Version 16
VisualStudioVersion = 16.0.30804.86
MinimumVisualStudioVersion = 10.0.40219.1
Project("{FAE04EC0-301F-11D3-BF4B-00C04F79EFBC}") = "Exercise - RegEx", "Exercise - RegEx\Exercise - RegEx.csproj", "{BFC79603-E437-43D0-ACAD-1BAA478D9B6F}"
EndProject
Project("{FAE04EC0-301F-11D3-BF4B-00C04F79EFBC}") = "Race", "Race\Race.csproj", "{A9D90869-B6C2-4345-9126-7CC2A7848B2E}"
EndProject
Project("{FAE04EC0-301F-11D3-BF4B-00C04F79EFBC}") = "SoftUniBarIncome", "SoftUniBarIncome\SoftUniBarIncome.csproj", "{8B90A523-9D33-4676-B2D9-CCF93D38ED78}"
EndProject
Global
	GlobalSection(SolutionConfigurationPlatforms) = preSolution
		Debug|Any CPU = Debug|Any CPU
		Release|Any CPU = Release|Any CPU
	EndGlobalSection
	GlobalSection(ProjectConfigurationPlatforms) = postSolution
		{BFC79603-E437-43D0-ACAD-1BAA478D9B6F}.Debug|Any CPU.ActiveCfg = Debug|Any CPU
		{BFC79603-E437-43D0-ACAD-1BAA478D9B6F}.Debug|Any CPU.Build.0 = Debug|Any CPU
		{BFC79603-E437-43D0-ACAD-1BAA478D9B6F}.Release|Any CPU.ActiveCfg = Release|Any CPU
		{BFC79603-E437-43D0-ACAD-1BAA478D9B6F}.Release|Any CPU.Build.0 = Release|Any CPU
		{A9D90869-B6C2-4345-9126-7CC2A7848B2E}.Debug|Any CPU.ActiveCfg = Debug|Any CPU
		{A9D90869-B6C2-4345-9126-7CC2A7848B2E}.Debug|Any CPU.Build.0 = Debug|Any CPU
		{A9D90869-B6C2-4345-9126-7CC2A7848B2E}.Release|Any CPU.ActiveCfg = Release|Any CPU
		{A9D90869-B6C2-4345-9126-7CC2A7848B2E}.Release|Any CPU.Build.0 = Release|Any CPU
		{8B90A523-9D33-4676-B2D9-CCF93D38ED78}.Debug|Any CPU.ActiveCfg = Debug|Any CPU
		{8B90A523-9D33-4676-B2D9-CCF93D38ED78}.Debug|Any CPU.Build.0 = Debug|Any CPU
		{8B90A523-9D33-4676-B2D9-CCF93D38ED78}.Release|Any CPU.ActiveCfg = Release|Any CPU
		{8B90A523-9D33-4676-B2D9-CCF93D38ED78}.Release|Any CPU.Build.0 = Release|Any CPU
	EndGlobalSection
	GlobalSection(SolutionProperties) = preSolution
		HideSolutionNode = FALSE
	EndGlobalSection
	GlobalSection(ExtensibilityGlobals) = postSolution
		SolutionGuid = {D4543F02-03F7-4A2A-B224-F214FC923556}
	EndGlobalSection
EndGlobal
