
Microsoft Visual Studio Solution File, Format Version 12.00
# Visual Studio Version 16
VisualStudioVersion = 16.0.31112.23
MinimumVisualStudioVersion = 10.0.40219.1
Project("{FAE04EC0-301F-11D3-BF4B-00C04F79EFBC}") = "Lab-Generics", "Lab-Generics\Lab-Generics.csproj", "{A9A60266-274B-43FE-9350-360960752014}"
EndProject
Project("{FAE04EC0-301F-11D3-BF4B-00C04F79EFBC}") = "BoxOfT", "BoxOfT\BoxOfT.csproj", "{8420A105-EE80-4900-89B9-2D0E1970E8A3}"
EndProject
Project("{FAE04EC0-301F-11D3-BF4B-00C04F79EFBC}") = "GenericArrayCreator", "GenericArrayCreator\GenericArrayCreator.csproj", "{C38079A4-20DF-4FBD-A96F-CB4E5DA284C2}"
EndProject
Project("{FAE04EC0-301F-11D3-BF4B-00C04F79EFBC}") = "GenericScale", "GenericScale\GenericScale.csproj", "{6F9C934D-4175-4C8C-BB34-2009E629CFE9}"
EndProject
Global
	GlobalSection(SolutionConfigurationPlatforms) = preSolution
		Debug|Any CPU = Debug|Any CPU
		Release|Any CPU = Release|Any CPU
	EndGlobalSection
	GlobalSection(ProjectConfigurationPlatforms) = postSolution
		{A9A60266-274B-43FE-9350-360960752014}.Debug|Any CPU.ActiveCfg = Debug|Any CPU
		{A9A60266-274B-43FE-9350-360960752014}.Debug|Any CPU.Build.0 = Debug|Any CPU
		{A9A60266-274B-43FE-9350-360960752014}.Release|Any CPU.ActiveCfg = Release|Any CPU
		{A9A60266-274B-43FE-9350-360960752014}.Release|Any CPU.Build.0 = Release|Any CPU
		{8420A105-EE80-4900-89B9-2D0E1970E8A3}.Debug|Any CPU.ActiveCfg = Debug|Any CPU
		{8420A105-EE80-4900-89B9-2D0E1970E8A3}.Debug|Any CPU.Build.0 = Debug|Any CPU
		{8420A105-EE80-4900-89B9-2D0E1970E8A3}.Release|Any CPU.ActiveCfg = Release|Any CPU
		{8420A105-EE80-4900-89B9-2D0E1970E8A3}.Release|Any CPU.Build.0 = Release|Any CPU
		{C38079A4-20DF-4FBD-A96F-CB4E5DA284C2}.Debug|Any CPU.ActiveCfg = Debug|Any CPU
		{C38079A4-20DF-4FBD-A96F-CB4E5DA284C2}.Debug|Any CPU.Build.0 = Debug|Any CPU
		{C38079A4-20DF-4FBD-A96F-CB4E5DA284C2}.Release|Any CPU.ActiveCfg = Release|Any CPU
		{C38079A4-20DF-4FBD-A96F-CB4E5DA284C2}.Release|Any CPU.Build.0 = Release|Any CPU
		{6F9C934D-4175-4C8C-BB34-2009E629CFE9}.Debug|Any CPU.ActiveCfg = Debug|Any CPU
		{6F9C934D-4175-4C8C-BB34-2009E629CFE9}.Debug|Any CPU.Build.0 = Debug|Any CPU
		{6F9C934D-4175-4C8C-BB34-2009E629CFE9}.Release|Any CPU.ActiveCfg = Release|Any CPU
		{6F9C934D-4175-4C8C-BB34-2009E629CFE9}.Release|Any CPU.Build.0 = Release|Any CPU
	EndGlobalSection
	GlobalSection(SolutionProperties) = preSolution
		HideSolutionNode = FALSE
	EndGlobalSection
	GlobalSection(ExtensibilityGlobals) = postSolution
		SolutionGuid = {FE92A334-02A8-4804-9BA6-959226BB95C7}
	EndGlobalSection
EndGlobal
